
Microsoft Visual Studio Solution File, Format Version 12.00
# Visual Studio Version 16
VisualStudioVersion = 16.0.31729.503
MinimumVisualStudioVersion = 10.0.40219.1
Project("{FAE04EC0-301F-11D3-BF4B-00C04F79EFBC}") = "GP.WorldpayGateway", "WorldPay_POC\GP.WorldpayGateway.csproj", "{6A3E1217-200B-4C7D-80E1-3D19FF286392}"
EndProject
Project("{FAE04EC0-301F-11D3-BF4B-00C04F79EFBC}") = "TestApplication", "TestApplication\TestApplication.csproj", "{F2CEA11A-64EF-488F-A7CB-6AA4043A7A29}"
EndProject
Global
	GlobalSection(SolutionConfigurationPlatforms) = preSolution
		Debug|Any CPU = Debug|Any CPU
		Release|Any CPU = Release|Any CPU
	EndGlobalSection
	GlobalSection(ProjectConfigurationPlatforms) = postSolution
		{6A3E1217-200B-4C7D-80E1-3D19FF286392}.Debug|Any CPU.ActiveCfg = Debug|Any CPU
		{6A3E1217-200B-4C7D-80E1-3D19FF286392}.Debug|Any CPU.Build.0 = Debug|Any CPU
		{6A3E1217-200B-4C7D-80E1-3D19FF286392}.Release|Any CPU.ActiveCfg = Release|Any CPU
		{6A3E1217-200B-4C7D-80E1-3D19FF286392}.Release|Any CPU.Build.0 = Release|Any CPU
		{F2CEA11A-64EF-488F-A7CB-6AA4043A7A29}.Debug|Any CPU.ActiveCfg = Debug|Any CPU
		{F2CEA11A-64EF-488F-A7CB-6AA4043A7A29}.Debug|Any CPU.Build.0 = Debug|Any CPU
		{F2CEA11A-64EF-488F-A7CB-6AA4043A7A29}.Release|Any CPU.ActiveCfg = Release|Any CPU
		{F2CEA11A-64EF-488F-A7CB-6AA4043A7A29}.Release|Any CPU.Build.0 = Release|Any CPU
	EndGlobalSection
	GlobalSection(SolutionProperties) = preSolution
		HideSolutionNode = FALSE
	EndGlobalSection
	GlobalSection(ExtensibilityGlobals) = postSolution
		SolutionGuid = {8A08550A-9191-4F91-8F53-C3AD531FEABE}
	EndGlobalSection
EndGlobal
